
Microsoft Visual Studio Solution File, Format Version 12.00
# Visual Studio Version 17
VisualStudioVersion = 17.7.34202.233
MinimumVisualStudioVersion = 10.0.40219.1
Project("{FAE04EC0-301F-11D3-BF4B-00C04F79EFBC}") = "MVC_Project", "MVC_Project\MVC_Project.csproj", "{6B76F3B1-B652-4E80-9A90-BDCB984D9F8B}"
EndProject
Global
	GlobalSection(SolutionConfigurationPlatforms) = preSolution
		Debug|Any CPU = Debug|Any CPU
		Release|Any CPU = Release|Any CPU
	EndGlobalSection
	GlobalSection(ProjectConfigurationPlatforms) = postSolution
		{6B76F3B1-B652-4E80-9A90-BDCB984D9F8B}.Debug|Any CPU.ActiveCfg = Debug|Any CPU
		{6B76F3B1-B652-4E80-9A90-BDCB984D9F8B}.Debug|Any CPU.Build.0 = Debug|Any CPU
		{6B76F3B1-B652-4E80-9A90-BDCB984D9F8B}.Release|Any CPU.ActiveCfg = Release|Any CPU
		{6B76F3B1-B652-4E80-9A90-BDCB984D9F8B}.Release|Any CPU.Build.0 = Release|Any CPU
	EndGlobalSection
	GlobalSection(SolutionProperties) = preSolution
		HideSolutionNode = FALSE
	EndGlobalSection
	GlobalSection(ExtensibilityGlobals) = postSolution
		SolutionGuid = {7C517688-EC46-40C1-A470-A39A9B1AB545}
	EndGlobalSection
EndGlobal
