
Microsoft Visual Studio Solution File, Format Version 12.00
# Visual Studio Version 17
VisualStudioVersion = 17.5.33530.505
MinimumVisualStudioVersion = 10.0.40219.1
Project("{9A19103F-16F7-4668-BE54-9A1E7A4F7556}") = "Business", "Business\Business.csproj", "{059B811B-5147-425F-B9F6-4A5CE2EFC29D}"
EndProject
Project("{9A19103F-16F7-4668-BE54-9A1E7A4F7556}") = "DataAccess", "DataAccess\DataAccess.csproj", "{2E2D8A26-4872-4FFD-86BF-F73D2C301338}"
EndProject
Project("{9A19103F-16F7-4668-BE54-9A1E7A4F7556}") = "MebsAppModuleAPI", "MebsAppModuleAPI\MebsAppModuleAPI.csproj", "{221DF87F-8A22-42B1-87A4-84A9F2BDBD31}"
EndProject
Global
	GlobalSection(SolutionConfigurationPlatforms) = preSolution
		Debug|Any CPU = Debug|Any CPU
		Release|Any CPU = Release|Any CPU
	EndGlobalSection
	GlobalSection(ProjectConfigurationPlatforms) = postSolution
		{059B811B-5147-425F-B9F6-4A5CE2EFC29D}.Debug|Any CPU.ActiveCfg = Debug|Any CPU
		{059B811B-5147-425F-B9F6-4A5CE2EFC29D}.Debug|Any CPU.Build.0 = Debug|Any CPU
		{059B811B-5147-425F-B9F6-4A5CE2EFC29D}.Release|Any CPU.ActiveCfg = Release|Any CPU
		{059B811B-5147-425F-B9F6-4A5CE2EFC29D}.Release|Any CPU.Build.0 = Release|Any CPU
		{2E2D8A26-4872-4FFD-86BF-F73D2C301338}.Debug|Any CPU.ActiveCfg = Debug|Any CPU
		{2E2D8A26-4872-4FFD-86BF-F73D2C301338}.Debug|Any CPU.Build.0 = Debug|Any CPU
		{2E2D8A26-4872-4FFD-86BF-F73D2C301338}.Release|Any CPU.ActiveCfg = Release|Any CPU
		{2E2D8A26-4872-4FFD-86BF-F73D2C301338}.Release|Any CPU.Build.0 = Release|Any CPU
		{221DF87F-8A22-42B1-87A4-84A9F2BDBD31}.Debug|Any CPU.ActiveCfg = Debug|Any CPU
		{221DF87F-8A22-42B1-87A4-84A9F2BDBD31}.Debug|Any CPU.Build.0 = Debug|Any CPU
		{221DF87F-8A22-42B1-87A4-84A9F2BDBD31}.Release|Any CPU.ActiveCfg = Release|Any CPU
		{221DF87F-8A22-42B1-87A4-84A9F2BDBD31}.Release|Any CPU.Build.0 = Release|Any CPU
	EndGlobalSection
	GlobalSection(SolutionProperties) = preSolution
		HideSolutionNode = FALSE
	EndGlobalSection
	GlobalSection(ExtensibilityGlobals) = postSolution
		SolutionGuid = {40A1AE38-D6B3-4EB4-A2C4-C888FC1A05D6}
	EndGlobalSection
EndGlobal
